<?xml version="1.0" encoding="utf-8"?>
<Project ToolsVersion="4.0" xmlns="http://schemas.microsoft.com/developer/msbuild/2003">
  <ItemGroup>
    <ClInclude Include="targetver.h" />
    <ClInclude Include="stdafx.h" />
    <ClInclude Include="Systems\Window.h">
      <Filter>Systems</Filter>
    </ClInclude>
    <ClInclude Include="Program.h" />
    <ClInclude Include="Systems\Input.h">
      <Filter>Systems</Filter>
    </ClInclude>
    <ClInclude Include="Systems\Time.h">
      <Filter>Systems</Filter>
    </ClInclude>
    <ClInclude Include="Systems\Graphics.h">
      <Filter>Systems</Filter>
    </ClInclude>
    <ClInclude Include="Renders\Resources\VertexType.h">
      <Filter>Renders\Resources</Filter>
    </ClInclude>
    <ClInclude Include="Renders\IA\VertexBuffer.h">
      <Filter>Renders\IA</Filter>
    </ClInclude>
    <ClInclude Include="Renders\IA\IndexBuffer.h">
      <Filter>Renders\IA</Filter>
    </ClInclude>
    <ClInclude Include="Renders\Shaders\Shader.h">
      <Filter>Renders\Shaders</Filter>
    </ClInclude>
    <ClInclude Include="Renders\Shaders\PixelShader.h">
      <Filter>Renders\Shaders</Filter>
    </ClInclude>
    <ClInclude Include="Renders\IA\InputLayout.h">
      <Filter>Renders\IA</Filter>
    </ClInclude>
    <ClInclude Include="Renders\Shaders\VertexShader.h">
      <Filter>Renders\Shaders</Filter>
    </ClInclude>
    <ClInclude Include="Renders\Resources\ConstantBuffer.h">
      <Filter>Renders\Resources</Filter>
    </ClInclude>
    <ClInclude Include="Renders\Resources\GlobalBuffers.h">
      <Filter>Renders\Resources</Filter>
    </ClInclude>
    <ClInclude Include="Objects\ColorRect.h">
      <Filter>Objects</Filter>
    </ClInclude>
    <ClInclude Include="Objects\Object.h">
      <Filter>Objects</Filter>
    </ClInclude>
    <ClInclude Include="Components\Component.h">
      <Filter>Components</Filter>
    </ClInclude>
    <ClInclude Include="Utilities\GeometryHelper.h">
      <Filter>Utilities</Filter>
    </ClInclude>
    <ClInclude Include="Objects\Line.h">
      <Filter>Objects</Filter>
    </ClInclude>
    <ClInclude Include="Objects\ColorCircle.h">
      <Filter>Objects</Filter>
    </ClInclude>
    <ClInclude Include="Components\Material.h">
      <Filter>Components</Filter>
    </ClInclude>
    <ClInclude Include="Renders\Resources\Mesh.h">
      <Filter>Components</Filter>
    </ClInclude>
    <ClInclude Include="Components\MeshRenderer.h">
      <Filter>Components</Filter>
    </ClInclude>
    <ClInclude Include="Scenes\Scene.h">
      <Filter>Scenes</Filter>
    </ClInclude>
    <ClInclude Include="Objects\WireCircle.h">
      <Filter>Objects</Filter>
    </ClInclude>
    <ClInclude Include="Components\Transform.h">
      <Filter>Components</Filter>
    </ClInclude>
    <ClInclude Include="Systems\ShaderManager.h">
      <Filter>Systems</Filter>
    </ClInclude>
    <ClInclude Include="Scenes\Scene2_Running.h" />
    <ClInclude Include="Scenes\SceneList.h" />
    <ClInclude Include="Components\Jump.h" />
    <ClInclude Include="Utilities\Collision.h" />
    <ClInclude Include="Components\Collider.h" />
    <ClInclude Include="Components\BoxCollider.h" />
    <ClInclude Include="Components\CircleCollider.h" />
    <ClInclude Include="Objects\ObjectContainer.h" />
    <ClInclude Include="Utilities\Random.h" />
    <ClInclude Include="Scenes\Scene1_Intersect.h" />
    <ClInclude Include="Components\Controller.h" />
    <ClInclude Include="Objects\PlayerCircle.h" />
    <ClInclude Include="Renders\OM\BlendState.h" />
    <ClInclude Include="Renders\RasterizerState.h" />
    <ClInclude Include="Components\FollowObject.h" />
  </ItemGroup>
  <ItemGroup>
    <ClCompile Include="stdafx.cpp" />
    <ClCompile Include="Main.cpp" />
    <ClCompile Include="Systems\Window.cpp">
      <Filter>Systems</Filter>
    </ClCompile>
    <ClCompile Include="Program.cpp" />
    <ClCompile Include="Systems\Input.cpp">
      <Filter>Systems</Filter>
    </ClCompile>
    <ClCompile Include="Systems\Time.cpp">
      <Filter>Systems</Filter>
    </ClCompile>
    <ClCompile Include="Systems\Graphics.cpp">
      <Filter>Systems</Filter>
    </ClCompile>
    <ClCompile Include="Renders\Resources\VertexType.cpp">
      <Filter>Renders\Resources</Filter>
    </ClCompile>
    <ClCompile Include="Renders\IA\VertexBuffer.cpp">
      <Filter>Renders\IA</Filter>
    </ClCompile>
    <ClCompile Include="Renders\IA\IndexBuffer.cpp">
      <Filter>Renders\IA</Filter>
    </ClCompile>
    <ClCompile Include="Renders\Shaders\Shader.cpp">
      <Filter>Renders\Shaders</Filter>
    </ClCompile>
    <ClCompile Include="Renders\Shaders\PixelShader.cpp">
      <Filter>Renders\Shaders</Filter>
    </ClCompile>
    <ClCompile Include="Renders\IA\InputLayout.cpp">
      <Filter>Renders\IA</Filter>
    </ClCompile>
    <ClCompile Include="Renders\Shaders\VertexShader.cpp">
      <Filter>Renders\Shaders</Filter>
    </ClCompile>
    <ClCompile Include="Objects\ColorRect.cpp">
      <Filter>Objects</Filter>
    </ClCompile>
    <ClCompile Include="Objects\Object.cpp">
      <Filter>Objects</Filter>
    </ClCompile>
    <ClCompile Include="Utilities\GeometryHelper.cpp">
      <Filter>Utilities</Filter>
    </ClCompile>
    <ClCompile Include="Objects\Line.cpp">
      <Filter>Objects</Filter>
    </ClCompile>
    <ClCompile Include="Objects\ColorCircle.cpp">
      <Filter>Objects</Filter>
    </ClCompile>
    <ClCompile Include="Components\Material.cpp">
      <Filter>Components</Filter>
    </ClCompile>
    <ClCompile Include="Renders\Resources\Mesh.cpp">
      <Filter>Components</Filter>
    </ClCompile>
    <ClCompile Include="Components\MeshRenderer.cpp">
      <Filter>Components</Filter>
    </ClCompile>
    <ClCompile Include="Objects\WireCircle.cpp">
      <Filter>Objects</Filter>
    </ClCompile>
    <ClCompile Include="Components\Transform.cpp">
      <Filter>Components</Filter>
    </ClCompile>
    <ClCompile Include="Systems\ShaderManager.cpp">
      <Filter>Systems</Filter>
    </ClCompile>
    <ClCompile Include="Scenes\Scene2_Running.cpp" />
    <ClCompile Include="Components\Jump.cpp" />
    <ClCompile Include="Utilities\Collision.cpp" />
    <ClCompile Include="Components\BoxCollider.cpp" />
    <ClCompile Include="Components\CircleCollider.cpp" />
    <ClCompile Include="Objects\ObjectContainer.cpp" />
    <ClCompile Include="Utilities\Random.cpp" />
    <ClCompile Include="Scenes\Scene1_Intersect.cpp" />
    <ClCompile Include="Components\Controller.cpp" />
    <ClCompile Include="Objects\PlayerCircle.cpp" />
    <ClCompile Include="Renders\OM\BlendState.cpp" />
    <ClCompile Include="Renders\RasterizerState.cpp" />
    <ClCompile Include="Components\FollowObject.cpp" />
  </ItemGroup>
  <ItemGroup>
    <Filter Include="Systems">
      <UniqueIdentifier>{95c6c686-1a45-44d0-aec0-2a37e186c2d9}</UniqueIdentifier>
    </Filter>
    <Filter Include="Utilities">
      <UniqueIdentifier>{da10b982-c1fe-4ec0-ab09-2d5eeb9504cc}</UniqueIdentifier>
    </Filter>
    <Filter Include="Renders">
      <UniqueIdentifier>{adbeb3c7-41f4-4b44-8e78-e80c35451e2a}</UniqueIdentifier>
    </Filter>
    <Filter Include="Renders\Resources">
      <UniqueIdentifier>{83b45c93-a5d1-41d3-a01e-743b815ef8af}</UniqueIdentifier>
    </Filter>
    <Filter Include="Renders\IA">
      <UniqueIdentifier>{c5db67f0-8f70-49bf-b8c2-2627d8f88e8c}</UniqueIdentifier>
    </Filter>
    <Filter Include="Renders\Shaders">
      <UniqueIdentifier>{7c220b9a-731a-4a33-bac9-6edb742d695e}</UniqueIdentifier>
    </Filter>
    <Filter Include="Objects">
      <UniqueIdentifier>{37d55177-ceac-4738-9d33-e7b857938ae2}</UniqueIdentifier>
    </Filter>
    <Filter Include="Components">
      <UniqueIdentifier>{cd3cc95c-0d43-4192-8832-5c9cffd8321b}</UniqueIdentifier>
    </Filter>
    <Filter Include="Scenes">
      <UniqueIdentifier>{7cc27709-e575-44dd-ac30-f2374bdb917b}</UniqueIdentifier>
    </Filter>
  </ItemGroup>
</Project>